
Microsoft Visual Studio Solution File, Format Version 12.00
# Visual Studio Version 17
VisualStudioVersion = 17.0.31903.59
MinimumVisualStudioVersion = 10.0.40219.1
Project("{2150E333-8FDC-42A3-9474-1A3956D46DE8}") = "src", "src", "{827E0CD3-B72D-47B6-A68D-7590B98EB39B}"
EndProject
Project("{FAE04EC0-301F-11D3-BF4B-00C04F79EFBC}") = "LibrarySystem.Domain", "src\LibrarySystem.Domain\LibrarySystem.Domain.csproj", "{67B310EC-76B4-4638-8E4F-28114B70CA23}"
EndProject
Project("{FAE04EC0-301F-11D3-BF4B-00C04F79EFBC}") = "LibrarySystem.Application", "src\LibrarySystem.Application\LibrarySystem.Application.csproj", "{C0FB3003-C439-4ADD-AAD5-136BC061C0F1}"
EndProject
Project("{FAE04EC0-301F-11D3-BF4B-00C04F79EFBC}") = "LibrarySystem.Infrastructure", "src\LibrarySystem.Infrastructure\LibrarySystem.Infrastructure.csproj", "{684DC2FB-965D-4368-9FCD-1C3ACBC4C179}"
EndProject
Project("{FAE04EC0-301F-11D3-BF4B-00C04F79EFBC}") = "LibrarySystem.Web", "src\LibrarySystem.Web\LibrarySystem.Web.csproj", "{3423D308-F6C5-4744-8926-0EDECE176F71}"
EndProject
Global
	GlobalSection(SolutionConfigurationPlatforms) = preSolution
		Debug|Any CPU = Debug|Any CPU
		Debug|x64 = Debug|x64
		Debug|x86 = Debug|x86
		Release|Any CPU = Release|Any CPU
		Release|x64 = Release|x64
		Release|x86 = Release|x86
	EndGlobalSection
	GlobalSection(ProjectConfigurationPlatforms) = postSolution
		{67B310EC-76B4-4638-8E4F-28114B70CA23}.Debug|Any CPU.ActiveCfg = Debug|Any CPU
		{67B310EC-76B4-4638-8E4F-28114B70CA23}.Debug|Any CPU.Build.0 = Debug|Any CPU
		{67B310EC-76B4-4638-8E4F-28114B70CA23}.Debug|x64.ActiveCfg = Debug|Any CPU
		{67B310EC-76B4-4638-8E4F-28114B70CA23}.Debug|x64.Build.0 = Debug|Any CPU
		{67B310EC-76B4-4638-8E4F-28114B70CA23}.Debug|x86.ActiveCfg = Debug|Any CPU
		{67B310EC-76B4-4638-8E4F-28114B70CA23}.Debug|x86.Build.0 = Debug|Any CPU
		{67B310EC-76B4-4638-8E4F-28114B70CA23}.Release|Any CPU.ActiveCfg = Release|Any CPU
		{67B310EC-76B4-4638-8E4F-28114B70CA23}.Release|Any CPU.Build.0 = Release|Any CPU
		{67B310EC-76B4-4638-8E4F-28114B70CA23}.Release|x64.ActiveCfg = Release|Any CPU
		{67B310EC-76B4-4638-8E4F-28114B70CA23}.Release|x64.Build.0 = Release|Any CPU
		{67B310EC-76B4-4638-8E4F-28114B70CA23}.Release|x86.ActiveCfg = Release|Any CPU
		{67B310EC-76B4-4638-8E4F-28114B70CA23}.Release|x86.Build.0 = Release|Any CPU
		{C0FB3003-C439-4ADD-AAD5-136BC061C0F1}.Debug|Any CPU.ActiveCfg = Debug|Any CPU
		{C0FB3003-C439-4ADD-AAD5-136BC061C0F1}.Debug|Any CPU.Build.0 = Debug|Any CPU
		{C0FB3003-C439-4ADD-AAD5-136BC061C0F1}.Debug|x64.ActiveCfg = Debug|Any CPU
		{C0FB3003-C439-4ADD-AAD5-136BC061C0F1}.Debug|x64.Build.0 = Debug|Any CPU
		{C0FB3003-C439-4ADD-AAD5-136BC061C0F1}.Debug|x86.ActiveCfg = Debug|Any CPU
		{C0FB3003-C439-4ADD-AAD5-136BC061C0F1}.Debug|x86.Build.0 = Debug|Any CPU
		{C0FB3003-C439-4ADD-AAD5-136BC061C0F1}.Release|Any CPU.ActiveCfg = Release|Any CPU
		{C0FB3003-C439-4ADD-AAD5-136BC061C0F1}.Release|Any CPU.Build.0 = Release|Any CPU
		{C0FB3003-C439-4ADD-AAD5-136BC061C0F1}.Release|x64.ActiveCfg = Release|Any CPU
		{C0FB3003-C439-4ADD-AAD5-136BC061C0F1}.Release|x64.Build.0 = Release|Any CPU
		{C0FB3003-C439-4ADD-AAD5-136BC061C0F1}.Release|x86.ActiveCfg = Release|Any CPU
		{C0FB3003-C439-4ADD-AAD5-136BC061C0F1}.Release|x86.Build.0 = Release|Any CPU
		{684DC2FB-965D-4368-9FCD-1C3ACBC4C179}.Debug|Any CPU.ActiveCfg = Debug|Any CPU
		{684DC2FB-965D-4368-9FCD-1C3ACBC4C179}.Debug|Any CPU.Build.0 = Debug|Any CPU
		{684DC2FB-965D-4368-9FCD-1C3ACBC4C179}.Debug|x64.ActiveCfg = Debug|Any CPU
		{684DC2FB-965D-4368-9FCD-1C3ACBC4C179}.Debug|x64.Build.0 = Debug|Any CPU
		{684DC2FB-965D-4368-9FCD-1C3ACBC4C179}.Debug|x86.ActiveCfg = Debug|Any CPU
		{684DC2FB-965D-4368-9FCD-1C3ACBC4C179}.Debug|x86.Build.0 = Debug|Any CPU
		{684DC2FB-965D-4368-9FCD-1C3ACBC4C179}.Release|Any CPU.ActiveCfg = Release|Any CPU
		{684DC2FB-965D-4368-9FCD-1C3ACBC4C179}.Release|Any CPU.Build.0 = Release|Any CPU
		{684DC2FB-965D-4368-9FCD-1C3ACBC4C179}.Release|x64.ActiveCfg = Release|Any CPU
		{684DC2FB-965D-4368-9FCD-1C3ACBC4C179}.Release|x64.Build.0 = Release|Any CPU
		{684DC2FB-965D-4368-9FCD-1C3ACBC4C179}.Release|x86.ActiveCfg = Release|Any CPU
		{684DC2FB-965D-4368-9FCD-1C3ACBC4C179}.Release|x86.Build.0 = Release|Any CPU
		{3423D308-F6C5-4744-8926-0EDECE176F71}.Debug|Any CPU.ActiveCfg = Debug|Any CPU
		{3423D308-F6C5-4744-8926-0EDECE176F71}.Debug|Any CPU.Build.0 = Debug|Any CPU
		{3423D308-F6C5-4744-8926-0EDECE176F71}.Debug|x64.ActiveCfg = Debug|Any CPU
		{3423D308-F6C5-4744-8926-0EDECE176F71}.Debug|x64.Build.0 = Debug|Any CPU
		{3423D308-F6C5-4744-8926-0EDECE176F71}.Debug|x86.ActiveCfg = Debug|Any CPU
		{3423D308-F6C5-4744-8926-0EDECE176F71}.Debug|x86.Build.0 = Debug|Any CPU
		{3423D308-F6C5-4744-8926-0EDECE176F71}.Release|Any CPU.ActiveCfg = Release|Any CPU
		{3423D308-F6C5-4744-8926-0EDECE176F71}.Release|Any CPU.Build.0 = Release|Any CPU
		{3423D308-F6C5-4744-8926-0EDECE176F71}.Release|x64.ActiveCfg = Release|Any CPU
		{3423D308-F6C5-4744-8926-0EDECE176F71}.Release|x64.Build.0 = Release|Any CPU
		{3423D308-F6C5-4744-8926-0EDECE176F71}.Release|x86.ActiveCfg = Release|Any CPU
		{3423D308-F6C5-4744-8926-0EDECE176F71}.Release|x86.Build.0 = Release|Any CPU
	EndGlobalSection
	GlobalSection(SolutionProperties) = preSolution
		HideSolutionNode = FALSE
	EndGlobalSection
	GlobalSection(NestedProjects) = preSolution
		{67B310EC-76B4-4638-8E4F-28114B70CA23} = {827E0CD3-B72D-47B6-A68D-7590B98EB39B}
		{C0FB3003-C439-4ADD-AAD5-136BC061C0F1} = {827E0CD3-B72D-47B6-A68D-7590B98EB39B}
		{684DC2FB-965D-4368-9FCD-1C3ACBC4C179} = {827E0CD3-B72D-47B6-A68D-7590B98EB39B}
		{3423D308-F6C5-4744-8926-0EDECE176F71} = {827E0CD3-B72D-47B6-A68D-7590B98EB39B}
	EndGlobalSection
EndGlobal
